
Microsoft Visual Studio Solution File, Format Version 12.00
# Visual Studio Version 17
VisualStudioVersion = 17.10.35013.160
MinimumVisualStudioVersion = 10.0.40219.1
Project("{FAE04EC0-301F-11D3-BF4B-00C04F79EFBC}") = "powerup", "powerup\powerup.csproj", "{4FA8BD4C-25DF-41E8-8069-195FF5D6AF54}"
EndProject
Global
	GlobalSection(SolutionConfigurationPlatforms) = preSolution
		Debug|Any CPU = Debug|Any CPU
		Release|Any CPU = Release|Any CPU
	EndGlobalSection
	GlobalSection(ProjectConfigurationPlatforms) = postSolution
		{4FA8BD4C-25DF-41E8-8069-195FF5D6AF54}.Debug|Any CPU.ActiveCfg = Debug|Any CPU
		{4FA8BD4C-25DF-41E8-8069-195FF5D6AF54}.Debug|Any CPU.Build.0 = Debug|Any CPU
		{4FA8BD4C-25DF-41E8-8069-195FF5D6AF54}.Release|Any CPU.ActiveCfg = Release|Any CPU
		{4FA8BD4C-25DF-41E8-8069-195FF5D6AF54}.Release|Any CPU.Build.0 = Release|Any CPU
	EndGlobalSection
	GlobalSection(SolutionProperties) = preSolution
		HideSolutionNode = FALSE
	EndGlobalSection
	GlobalSection(ExtensibilityGlobals) = postSolution
		SolutionGuid = {0D7585DA-4B80-40A4-BD33-CC4CAA967215}
	EndGlobalSection
EndGlobal
